
Microsoft Visual Studio Solution File, Format Version 12.00
# Visual Studio Version 16
VisualStudioVersion = 16.0.29324.140
MinimumVisualStudioVersion = 10.0.40219.1
Project("{FAE04EC0-301F-11D3-BF4B-00C04F79EFBC}") = "GitHubWebHookApi", "GitHubWebHookApi\GitHubWebHookApi.csproj", "{AB24EA48-7330-4839-A853-45277167263B}"
EndProject
Global
	GlobalSection(SolutionConfigurationPlatforms) = preSolution
		Debug|Any CPU = Debug|Any CPU
		Release|Any CPU = Release|Any CPU
	EndGlobalSection
	GlobalSection(ProjectConfigurationPlatforms) = postSolution
		{AB24EA48-7330-4839-A853-45277167263B}.Debug|Any CPU.ActiveCfg = Debug|Any CPU
		{AB24EA48-7330-4839-A853-45277167263B}.Debug|Any CPU.Build.0 = Debug|Any CPU
		{AB24EA48-7330-4839-A853-45277167263B}.Release|Any CPU.ActiveCfg = Release|Any CPU
		{AB24EA48-7330-4839-A853-45277167263B}.Release|Any CPU.Build.0 = Release|Any CPU
	EndGlobalSection
	GlobalSection(SolutionProperties) = preSolution
		HideSolutionNode = FALSE
	EndGlobalSection
	GlobalSection(ExtensibilityGlobals) = postSolution
		SolutionGuid = {99900829-2422-440F-A2F6-4991B2130DBA}
	EndGlobalSection
EndGlobal
